
Microsoft Visual Studio Solution File, Format Version 12.00
# Visual Studio Version 17
VisualStudioVersion = 17.9.34622.214
MinimumVisualStudioVersion = 10.0.40219.1
Project("{FAE04EC0-301F-11D3-BF4B-00C04F79EFBC}") = "Pacho", "Pacho.csproj", "{8AFA6CA7-5291-4AB7-A303-829F7F6AD74D}"
EndProject
Global
	GlobalSection(SolutionConfigurationPlatforms) = preSolution
		Debug|Any CPU = Debug|Any CPU
		Release|Any CPU = Release|Any CPU
	EndGlobalSection
	GlobalSection(ProjectConfigurationPlatforms) = postSolution
		{8AFA6CA7-5291-4AB7-A303-829F7F6AD74D}.Debug|Any CPU.ActiveCfg = Debug|Any CPU
		{8AFA6CA7-5291-4AB7-A303-829F7F6AD74D}.Debug|Any CPU.Build.0 = Debug|Any CPU
		{8AFA6CA7-5291-4AB7-A303-829F7F6AD74D}.Release|Any CPU.ActiveCfg = Release|Any CPU
		{8AFA6CA7-5291-4AB7-A303-829F7F6AD74D}.Release|Any CPU.Build.0 = Release|Any CPU
	EndGlobalSection
	GlobalSection(SolutionProperties) = preSolution
		HideSolutionNode = FALSE
	EndGlobalSection
	GlobalSection(ExtensibilityGlobals) = postSolution
		SolutionGuid = {BC01A929-F8AF-4BA1-9DB8-CEC6143019A9}
	EndGlobalSection
EndGlobal
